
Microsoft Visual Studio Solution File, Format Version 12.00
# Visual Studio 14
VisualStudioVersion = 14.0.25420.1
MinimumVisualStudioVersion = 10.0.40219.1
Project("{FAE04EC0-301F-11D3-BF4B-00C04F79EFBC}") = "EventSimulator", "EventSimulator\EventSimulator.csproj", "{2C6A2405-1692-4B97-A68B-5D6DC568D554}"
EndProject
Project("{FAE04EC0-301F-11D3-BF4B-00C04F79EFBC}") = "EventSimulatorTests", "EventSimulatorTests\EventSimulatorTests.csproj", "{0302470B-7090-4455-80D1-8C6D1E9CAA27}"
EndProject
Project("{FAE04EC0-301F-11D3-BF4B-00C04F79EFBC}") = "Receiver", "EventReceiver\Receiver.csproj", "{F9818A52-E855-4818-9CF8-4822396542CD}"
EndProject
Global
	GlobalSection(SolutionConfigurationPlatforms) = preSolution
		Debug|Any CPU = Debug|Any CPU
		Release|Any CPU = Release|Any CPU
	EndGlobalSection
	GlobalSection(ProjectConfigurationPlatforms) = postSolution
		{2C6A2405-1692-4B97-A68B-5D6DC568D554}.Debug|Any CPU.ActiveCfg = Debug|Any CPU
		{2C6A2405-1692-4B97-A68B-5D6DC568D554}.Debug|Any CPU.Build.0 = Debug|Any CPU
		{2C6A2405-1692-4B97-A68B-5D6DC568D554}.Release|Any CPU.ActiveCfg = Release|Any CPU
		{2C6A2405-1692-4B97-A68B-5D6DC568D554}.Release|Any CPU.Build.0 = Release|Any CPU
		{0302470B-7090-4455-80D1-8C6D1E9CAA27}.Debug|Any CPU.ActiveCfg = Debug|Any CPU
		{0302470B-7090-4455-80D1-8C6D1E9CAA27}.Debug|Any CPU.Build.0 = Debug|Any CPU
		{0302470B-7090-4455-80D1-8C6D1E9CAA27}.Release|Any CPU.ActiveCfg = Release|Any CPU
		{0302470B-7090-4455-80D1-8C6D1E9CAA27}.Release|Any CPU.Build.0 = Release|Any CPU
		{F9818A52-E855-4818-9CF8-4822396542CD}.Debug|Any CPU.ActiveCfg = Debug|Any CPU
		{F9818A52-E855-4818-9CF8-4822396542CD}.Debug|Any CPU.Build.0 = Debug|Any CPU
		{F9818A52-E855-4818-9CF8-4822396542CD}.Release|Any CPU.ActiveCfg = Release|Any CPU
		{F9818A52-E855-4818-9CF8-4822396542CD}.Release|Any CPU.Build.0 = Release|Any CPU
	EndGlobalSection
	GlobalSection(SolutionProperties) = preSolution
		HideSolutionNode = FALSE
	EndGlobalSection
EndGlobal
